// !$*UTF8*$!
{
	archiveVersion = 1;
	classes = {
	};
	objectVersion = 55;
	objects = {

/* Begin PBXBuildFile section */
		BF2D9A32E2DF308F79C8C199 /* Pods_29th_iOS_SeminarPractice_week8.framework in Frameworks */ = {isa = PBXBuildFile; fileRef = A4A8D377CA57478DDD2C44A9 /* Pods_29th_iOS_SeminarPractice_week8.framework */; };
		F8137DEA276DB18600BB563D /* seminar8-sample.json in Resources */ = {isa = PBXBuildFile; fileRef = F8137DE9276DB18600BB563D /* seminar8-sample.json */; };
		F84B8272276DA5AB00E28B8E /* AppDelegate.swift in Sources */ = {isa = PBXBuildFile; fileRef = F84B8271276DA5AB00E28B8E /* AppDelegate.swift */; };
		F84B8274276DA5AB00E28B8E /* SceneDelegate.swift in Sources */ = {isa = PBXBuildFile; fileRef = F84B8273276DA5AB00E28B8E /* SceneDelegate.swift */; };
		F84B8276276DA5AB00E28B8E /* ViewController.swift in Sources */ = {isa = PBXBuildFile; fileRef = F84B8275276DA5AB00E28B8E /* ViewController.swift */; };
		F84B8279276DA5AB00E28B8E /* Main.storyboard in Resources */ = {isa = PBXBuildFile; fileRef = F84B8277276DA5AB00E28B8E /* Main.storyboard */; };
		F84B827B276DA5AC00E28B8E /* Assets.xcassets in Resources */ = {isa = PBXBuildFile; fileRef = F84B827A276DA5AC00E28B8E /* Assets.xcassets */; };
		F84B827E276DA5AC00E28B8E /* LaunchScreen.storyboard in Resources */ = {isa = PBXBuildFile; fileRef = F84B827C276DA5AC00E28B8E /* LaunchScreen.storyboard */; };
/* End PBXBuildFile section */

/* Begin PBXFileReference section */
		13B831EED7AE6989DD372280 /* Pods-29th-iOS-SeminarPractice-week8.release.xcconfig */ = {isa = PBXFileReference; includeInIndex = 1; lastKnownFileType = text.xcconfig; name = "Pods-29th-iOS-SeminarPractice-week8.release.xcconfig"; path = "Target Support Files/Pods-29th-iOS-SeminarPractice-week8/Pods-29th-iOS-SeminarPractice-week8.release.xcconfig"; sourceTree = "<group>"; };
		A4A8D377CA57478DDD2C44A9 /* Pods_29th_iOS_SeminarPractice_week8.framework */ = {isa = PBXFileReference; explicitFileType = wrapper.framework; includeInIndex = 0; path = Pods_29th_iOS_SeminarPractice_week8.framework; sourceTree = BUILT_PRODUCTS_DIR; };
		C5EC0618534145C4BFFD7C31 /* Pods-29th-iOS-SeminarPractice-week8.debug.xcconfig */ = {isa = PBXFileReference; includeInIndex = 1; lastKnownFileType = text.xcconfig; name = "Pods-29th-iOS-SeminarPractice-week8.debug.xcconfig"; path = "Target Support Files/Pods-29th-iOS-SeminarPractice-week8/Pods-29th-iOS-SeminarPractice-week8.debug.xcconfig"; sourceTree = "<group>"; };
		F8137DE9276DB18600BB563D /* seminar8-sample.json */ = {isa = PBXFileReference; fileEncoding = 4; lastKnownFileType = text.json; path = "seminar8-sample.json"; sourceTree = "<group>"; };
		F84B826E276DA5AB00E28B8E /* 29th-iOS-SeminarPractice-week8.app */ = {isa = PBXFileReference; explicitFileType = wrapper.application; includeInIndex = 0; path = "29th-iOS-SeminarPractice-week8.app"; sourceTree = BUILT_PRODUCTS_DIR; };
		F84B8271276DA5AB00E28B8E /* AppDelegate.swift */ = {isa = PBXFileReference; lastKnownFileType = sourcecode.swift; path = AppDelegate.swift; sourceTree = "<group>"; };
		F84B8273276DA5AB00E28B8E /* SceneDelegate.swift */ = {isa = PBXFileReference; lastKnownFileType = sourcecode.swift; path = SceneDelegate.swift; sourceTree = "<group>"; };
		F84B8275276DA5AB00E28B8E /* ViewController.swift */ = {isa = PBXFileReference; lastKnownFileType = sourcecode.swift; path = ViewController.swift; sourceTree = "<group>"; };
		F84B8278276DA5AB00E28B8E /* Base */ = {isa = PBXFileReference; lastKnownFileType = file.storyboard; name = Base; path = Base.lproj/Main.storyboard; sourceTree = "<group>"; };
		F84B827A276DA5AC00E28B8E /* Assets.xcassets */ = {isa = PBXFileReference; lastKnownFileType = folder.assetcatalog; path = Assets.xcassets; sourceTree = "<group>"; };
		F84B827D276DA5AC00E28B8E /* Base */ = {isa = PBXFileReference; lastKnownFileType = file.storyboard; name = Base; path = Base.lproj/LaunchScreen.storyboard; sourceTree = "<group>"; };
		F84B827F276DA5AC00E28B8E /* Info.plist */ = {isa = PBXFileReference; lastKnownFileType = text.plist.xml; path = Info.plist; sourceTree = "<group>"; };
/* End PBXFileReference section */

/* Begin PBXFrameworksBuildPhase section */
		F84B826B276DA5AB00E28B8E /* Frameworks */ = {
			isa = PBXFrameworksBuildPhase;
			buildActionMask = 2147483647;
			files = (
				BF2D9A32E2DF308F79C8C199 /* Pods_29th_iOS_SeminarPractice_week8.framework in Frameworks */,
			);
			runOnlyForDeploymentPostprocessing = 0;
		};
/* End PBXFrameworksBuildPhase section */

/* Begin PBXGroup section */
		6E7667843D13DEF5ADD9F1C8 /* Frameworks */ = {
			isa = PBXGroup;
			children = (
				A4A8D377CA57478DDD2C44A9 /* Pods_29th_iOS_SeminarPractice_week8.framework */,
			);
			name = Frameworks;
			sourceTree = "<group>";
		};
		A80F833B614919301E3F24B1 /* Pods */ = {
			isa = PBXGroup;
			children = (
				C5EC0618534145C4BFFD7C31 /* Pods-29th-iOS-SeminarPractice-week8.debug.xcconfig */,
				13B831EED7AE6989DD372280 /* Pods-29th-iOS-SeminarPractice-week8.release.xcconfig */,
			);
			path = Pods;
			sourceTree = "<group>";
		};
		F84B8265276DA5AB00E28B8E = {
			isa = PBXGroup;
			children = (
				F84B8270276DA5AB00E28B8E /* 29th-iOS-SeminarPractice-week8 */,
				F84B826F276DA5AB00E28B8E /* Products */,
				A80F833B614919301E3F24B1 /* Pods */,
				6E7667843D13DEF5ADD9F1C8 /* Frameworks */,
			);
			sourceTree = "<group>";
		};
		F84B826F276DA5AB00E28B8E /* Products */ = {
			isa = PBXGroup;
			children = (
				F84B826E276DA5AB00E28B8E /* 29th-iOS-SeminarPractice-week8.app */,
			);
			name = Products;
			sourceTree = "<group>";
		};
		F84B8270276DA5AB00E28B8E /* 29th-iOS-SeminarPractice-week8 */ = {
			isa = PBXGroup;
			children = (
				F8137DE9276DB18600BB563D /* seminar8-sample.json */,
				F84B8271276DA5AB00E28B8E /* AppDelegate.swift */,
				F84B8273276DA5AB00E28B8E /* SceneDelegate.swift */,
				F84B8275276DA5AB00E28B8E /* ViewController.swift */,
				F84B8277276DA5AB00E28B8E /* Main.storyboard */,
				F84B827A276DA5AC00E28B8E /* Assets.xcassets */,
				F84B827C276DA5AC00E28B8E /* LaunchScreen.storyboard */,
				F84B827F276DA5AC00E28B8E /* Info.plist */,
			);
			path = "29th-iOS-SeminarPractice-week8";
			sourceTree = "<group>";
		};
/* End PBXGroup section */

/* Begin PBXNativeTarget section */
		F84B826D276DA5AB00E28B8E /* 29th-iOS-SeminarPractice-week8 */ = {
			isa = PBXNativeTarget;
			buildConfigurationList = F84B8282276DA5AC00E28B8E /* Build configuration list for PBXNativeTarget "29th-iOS-SeminarPractice-week8" */;
			buildPhases = (
				931F3C0E699739512F5B8EE7 /* [CP] Check Pods Manifest.lock */,
				F84B826A276DA5AB00E28B8E /* Sources */,
				F84B826B276DA5AB00E28B8E /* Frameworks */,
				F84B826C276DA5AB00E28B8E /* Resources */,
				B9B840FB715DFFCA92DA7480 /* [CP] Embed Pods Frameworks */,
			);
			buildRules = (
			);
			dependencies = (
			);
			name = "29th-iOS-SeminarPractice-week8";
			productName = "29th-iOS-SeminarPractice-week8";
			productReference = F84B826E276DA5AB00E28B8E /* 29th-iOS-SeminarPractice-week8.app */;
			productType = "com.apple.product-type.application";
		};
/* End PBXNativeTarget section */

/* Begin PBXProject section */
		F84B8266276DA5AB00E28B8E /* Project object */ = {
			isa = PBXProject;
			attributes = {
				BuildIndependentTargetsInParallel = 1;
				LastSwiftUpdateCheck = 1320;
				LastUpgradeCheck = 1320;
				TargetAttributes = {
					F84B826D276DA5AB00E28B8E = {
						CreatedOnToolsVersion = 13.2;
					};
				};
			};
			buildConfigurationList = F84B8269276DA5AB00E28B8E /* Build configuration list for PBXProject "29th-iOS-SeminarPractice-week8" */;
			compatibilityVersion = "Xcode 13.0";
			developmentRegion = en;
			hasScannedForEncodings = 0;
			knownRegions = (
				en,
				Base,
			);
			mainGroup = F84B8265276DA5AB00E28B8E;
			productRefGroup = F84B826F276DA5AB00E28B8E /* Products */;
			projectDirPath = "";
			projectRoot = "";
			targets = (
				F84B826D276DA5AB00E28B8E /* 29th-iOS-SeminarPractice-week8 */,
			);
		};
/* End PBXProject section */

/* Begin PBXResourcesBuildPhase section */
		F84B826C276DA5AB00E28B8E /* Resources */ = {
			isa = PBXResourcesBuildPhase;
			buildActionMask = 2147483647;
			files = (
				F84B827E276DA5AC00E28B8E /* LaunchScreen.storyboard in Resources */,
				F84B827B276DA5AC00E28B8E /* Assets.xcassets in Resources */,
				F8137DEA276DB18600BB563D /* seminar8-sample.json in Resources */,
				F84B8279276DA5AB00E28B8E /* Main.storyboard in Resources */,
			);
			runOnlyForDeploymentPostprocessing = 0;
		};
/* End PBXResourcesBuildPhase section */

/* Begin PBXShellScriptBuildPhase section */
		931F3C0E699739512F5B8EE7 /* [CP] Check Pods Manifest.lock */ = {
			isa = PBXShellScriptBuildPhase;
			buildActionMask = 2147483647;
			files = (
			);
			inputFileListPaths = (
			);
			inputPaths = (
				"${PODS_PODFILE_DIR_PATH}/Podfile.lock",
				"${PODS_ROOT}/Manifest.lock",
			);
			name = "[CP] Check Pods Manifest.lock";
			outputFileListPaths = (
			);
			outputPaths = (
				"$(DERIVED_FILE_DIR)/Pods-29th-iOS-SeminarPractice-week8-checkManifestLockResult.txt",
			);
			runOnlyForDeploymentPostprocessing = 0;
			shellPath = /bin/sh;
			shellScript = "diff \"${PODS_PODFILE_DIR_PATH}/Podfile.lock\" \"${PODS_ROOT}/Manifest.lock\" > /dev/null\nif [ $? != 0 ] ; then\n    # print error to STDERR\n    echo \"error: The sandbox is not in sync with the Podfile.lock. Run 'pod install' or update your CocoaPods installation.\" >&2\n    exit 1\nfi\n# This output is used by Xcode 'outputs' to avoid re-running this script phase.\necho \"SUCCESS\" > \"${SCRIPT_OUTPUT_FILE_0}\"\n";
			showEnvVarsInLog = 0;
		};
		B9B840FB715DFFCA92DA7480 /* [CP] Embed Pods Frameworks */ = {
			isa = PBXShellScriptBuildPhase;
			buildActionMask = 2147483647;
			files = (
			);
			inputFileListPaths = (
				"${PODS_ROOT}/Target Support Files/Pods-29th-iOS-SeminarPractice-week8/Pods-29th-iOS-SeminarPractice-week8-frameworks-${CONFIGURATION}-input-files.xcfilelist",
			);
			name = "[CP] Embed Pods Frameworks";
			outputFileListPaths = (
				"${PODS_ROOT}/Target Support Files/Pods-29th-iOS-SeminarPractice-week8/Pods-29th-iOS-SeminarPractice-week8-frameworks-${CONFIGURATION}-output-files.xcfilelist",
			);
			runOnlyForDeploymentPostprocessing = 0;
			shellPath = /bin/sh;
			shellScript = "\"${PODS_ROOT}/Target Support Files/Pods-29th-iOS-SeminarPractice-week8/Pods-29th-iOS-SeminarPractice-week8-frameworks.sh\"\n";
			showEnvVarsInLog = 0;
		};
/* End PBXShellScriptBuildPhase section */

/* Begin PBXSourcesBuildPhase section */
		F84B826A276DA5AB00E28B8E /* Sources */ = {
			isa = PBXSourcesBuildPhase;
			buildActionMask = 2147483647;
			files = (
				F84B8276276DA5AB00E28B8E /* ViewController.swift in Sources */,
				F84B8272276DA5AB00E28B8E /* AppDelegate.swift in Sources */,
				F84B8274276DA5AB00E28B8E /* SceneDelegate.swift in Sources */,
			);
			runOnlyForDeploymentPostprocessing = 0;
		};
/* End PBXSourcesBuildPhase section */

/* Begin PBXVariantGroup section */
		F84B8277276DA5AB00E28B8E /* Main.storyboard */ = {
			isa = PBXVariantGroup;
			children = (
				F84B8278276DA5AB00E28B8E /* Base */,
			);
			name = Main.storyboard;
			sourceTree = "<group>";
		};
		F84B827C276DA5AC00E28B8E /* LaunchScreen.storyboard */ = {
			isa = PBXVariantGroup;
			children = (
				F84B827D276DA5AC00E28B8E /* Base */,
			);
			name = LaunchScreen.storyboard;
			sourceTree = "<group>";
		};
/* End PBXVariantGroup section */

/* Begin XCBuildConfiguration section */
		F84B8280276DA5AC00E28B8E /* Debug */ = {
			isa = XCBuildConfiguration;
			buildSettings = {
				ALWAYS_SEARCH_USER_PATHS = NO;
				CLANG_ANALYZER_NONNULL = YES;
				CLANG_ANALYZER_NUMBER_OBJECT_CONVERSION = YES_AGGRESSIVE;
				CLANG_CXX_LANGUAGE_STANDARD = "gnu++17";
				CLANG_CXX_LIBRARY = "libc++";
				CLANG_ENABLE_MODULES = YES;
				CLANG_ENABLE_OBJC_ARC = YES;
				CLANG_ENABLE_OBJC_WEAK = YES;
				CLANG_WARN_BLOCK_CAPTURE_AUTORELEASING = YES;
				CLANG_WARN_BOOL_CONVERSION = YES;
				CLANG_WARN_COMMA = YES;
				CLANG_WARN_CONSTANT_CONVERSION = YES;
				CLANG_WARN_DEPRECATED_OBJC_IMPLEMENTATIONS = YES;
				CLANG_WARN_DIRECT_OBJC_ISA_USAGE = YES_ERROR;
				CLANG_WARN_DOCUMENTATION_COMMENTS = YES;
				CLANG_WARN_EMPTY_BODY = YES;
				CLANG_WARN_ENUM_CONVERSION = YES;
				CLANG_WARN_INFINITE_RECURSION = YES;
				CLANG_WARN_INT_CONVERSION = YES;
				CLANG_WARN_NON_LITERAL_NULL_CONVERSION = YES;
				CLANG_WARN_OBJC_IMPLICIT_RETAIN_SELF = YES;
				CLANG_WARN_OBJC_LITERAL_CONVERSION = YES;
				CLANG_WARN_OBJC_ROOT_CLASS = YES_ERROR;
				CLANG_WARN_QUOTED_INCLUDE_IN_FRAMEWORK_HEADER = YES;
				CLANG_WARN_RANGE_LOOP_ANALYSIS = YES;
				CLANG_WARN_STRICT_PROTOTYPES = YES;
				CLANG_WARN_SUSPICIOUS_MOVE = YES;
				CLANG_WARN_UNGUARDED_AVAILABILITY = YES_AGGRESSIVE;
				CLANG_WARN_UNREACHABLE_CODE = YES;
				CLANG_WARN__DUPLICATE_METHOD_MATCH = YES;
				COPY_PHASE_STRIP = NO;
				DEBUG_INFORMATION_FORMAT = dwarf;
				ENABLE_STRICT_OBJC_MSGSEND = YES;
				ENABLE_TESTABILITY = YES;
				GCC_C_LANGUAGE_STANDARD = gnu11;
				GCC_DYNAMIC_NO_PIC = NO;
				GCC_NO_COMMON_BLOCKS = YES;
				GCC_OPTIMIZATION_LEVEL = 0;
				GCC_PREPROCESSOR_DEFINITIONS = (
					"DEBUG=1",
					"$(inherited)",
				);
				GCC_WARN_64_TO_32_BIT_CONVERSION = YES;
				GCC_WARN_ABOUT_RETURN_TYPE = YES_ERROR;
				GCC_WARN_UNDECLARED_SELECTOR = YES;
				GCC_WARN_UNINITIALIZED_AUTOS = YES_AGGRESSIVE;
				GCC_WARN_UNUSED_FUNCTION = YES;
				GCC_WARN_UNUSED_VARIABLE = YES;
				IPHONEOS_DEPLOYMENT_TARGET = 15.2;
				MTL_ENABLE_DEBUG_INFO = INCLUDE_SOURCE;
				MTL_FAST_MATH = YES;
				ONLY_ACTIVE_ARCH = YES;
				SDKROOT = iphoneos;
				SWIFT_ACTIVE_COMPILATION_CONDITIONS = DEBUG;
				SWIFT_OPTIMIZATION_LEVEL = "-Onone";
			};
			name = Debug;
		};
		F84B8281276DA5AC00E28B8E /* Release */ = {
			isa = XCBuildConfiguration;
			buildSettings = {
				ALWAYS_SEARCH_USER_PATHS = NO;
				CLANG_ANALYZER_NONNULL = YES;
				CLANG_ANALYZER_NUMBER_OBJECT_CONVERSION = YES_AGGRESSIVE;
				CLANG_CXX_LANGUAGE_STANDARD = "gnu++17";
				CLANG_CXX_LIBRARY = "libc++";
				CLANG_ENABLE_MODULES = YES;
				CLANG_ENABLE_OBJC_ARC = YES;
				CLANG_ENABLE_OBJC_WEAK = YES;
				CLANG_WARN_BLOCK_CAPTURE_AUTORELEASING = YES;
				CLANG_WARN_BOOL_CONVERSION = YES;
				CLANG_WARN_COMMA = YES;
				CLANG_WARN_CONSTANT_CONVERSION = YES;
				CLANG_WARN_DEPRECATED_OBJC_IMPLEMENTATIONS = YES;
				CLANG_WARN_DIRECT_OBJC_ISA_USAGE = YES_ERROR;
				CLANG_WARN_DOCUMENTATION_COMMENTS = YES;
				CLANG_WARN_EMPTY_BODY = YES;
				CLANG_WARN_ENUM_CONVERSION = YES;
				CLANG_WARN_INFINITE_RECURSION = YES;
				CLANG_WARN_INT_CONVERSION = YES;
				CLANG_WARN_NON_LITERAL_NULL_CONVERSION = YES;
				CLANG_WARN_OBJC_IMPLICIT_RETAIN_SELF = YES;
				CLANG_WARN_OBJC_LITERAL_CONVERSION = YES;
				CLANG_WARN_OBJC_ROOT_CLASS = YES_ERROR;
				CLANG_WARN_QUOTED_INCLUDE_IN_FRAMEWORK_HEADER = YES;
				CLANG_WARN_RANGE_LOOP_ANALYSIS = YES;
				CLANG_WARN_STRICT_PROTOTYPES = YES;
				CLANG_WARN_SUSPICIOUS_MOVE = YES;
				CLANG_WARN_UNGUARDED_AVAILABILITY = YES_AGGRESSIVE;
				CLANG_WARN_UNREACHABLE_CODE = YES;
				CLANG_WARN__DUPLICATE_METHOD_MATCH = YES;
				COPY_PHASE_STRIP = NO;
				DEBUG_INFORMATION_FORMAT = "dwarf-with-dsym";
				ENABLE_NS_ASSERTIONS = NO;
				ENABLE_STRICT_OBJC_MSGSEND = YES;
				GCC_C_LANGUAGE_STANDARD = gnu11;
				GCC_NO_COMMON_BLOCKS = YES;
				GCC_WARN_64_TO_32_BIT_CONVERSION = YES;
				GCC_WARN_ABOUT_RETURN_TYPE = YES_ERROR;
				GCC_WARN_UNDECLARED_SELECTOR = YES;
				GCC_WARN_UNINITIALIZED_AUTOS = YES_AGGRESSIVE;
				GCC_WARN_UNUSED_FUNCTION = YES;
				GCC_WARN_UNUSED_VARIABLE = YES;
				IPHONEOS_DEPLOYMENT_TARGET = 15.2;
				MTL_ENABLE_DEBUG_INFO = NO;
				MTL_FAST_MATH = YES;
				SDKROOT = iphoneos;
				SWIFT_COMPILATION_MODE = wholemodule;
				SWIFT_OPTIMIZATION_LEVEL = "-O";
				VALIDATE_PRODUCT = YES;
			};
			name = Release;
		};
		F84B8283276DA5AC00E28B8E /* Debug */ = {
			isa = XCBuildConfiguration;
			baseConfigurationReference = C5EC0618534145C4BFFD7C31 /* Pods-29th-iOS-SeminarPractice-week8.debug.xcconfig */;
			buildSettings = {
				ASSETCATALOG_COMPILER_APPICON_NAME = AppIcon;
				ASSETCATALOG_COMPILER_GLOBAL_ACCENT_COLOR_NAME = AccentColor;
				CODE_SIGN_STYLE = Automatic;
				CURRENT_PROJECT_VERSION = 1;
				DEVELOPMENT_TEAM = T8C9SSEX5G;
				GENERATE_INFOPLIST_FILE = YES;
				INFOPLIST_FILE = "29th-iOS-SeminarPractice-week8/Info.plist";
				INFOPLIST_KEY_UIApplicationSupportsIndirectInputEvents = YES;
				INFOPLIST_KEY_UILaunchStoryboardName = LaunchScreen;
				INFOPLIST_KEY_UIMainStoryboardFile = Main;
				INFOPLIST_KEY_UISupportedInterfaceOrientations_iPad = "UIInterfaceOrientationPortrait UIInterfaceOrientationPortraitUpsideDown UIInterfaceOrientationLandscapeLeft UIInterfaceOrientationLandscapeRight";
				INFOPLIST_KEY_UISupportedInterfaceOrientations_iPhone = "UIInterfaceOrientationPortrait UIInterfaceOrientationLandscapeLeft UIInterfaceOrientationLandscapeRight";
				LD_RUNPATH_SEARCH_PATHS = (
					"$(inherited)",
					"@executable_path/Frameworks",
				);
				MARKETING_VERSION = 1.0;
				PRODUCT_BUNDLE_IDENTIFIER = "hyun99999.-9th-iOS-SeminarPractice-week8";
				PRODUCT_NAME = "$(TARGET_NAME)";
				SWIFT_EMIT_LOC_STRINGS = YES;
				SWIFT_VERSION = 5.0;
				TARGETED_DEVICE_FAMILY = "1,2";
			};
			name = Debug;
		};
		F84B8284276DA5AC00E28B8E /* Release */ = {
			isa = XCBuildConfiguration;
			baseConfigurationReference = 13B831EED7AE6989DD372280 /* Pods-29th-iOS-SeminarPractice-week8.release.xcconfig */;
			buildSettings = {
				ASSETCATALOG_COMPILER_APPICON_NAME = AppIcon;
				ASSETCATALOG_COMPILER_GLOBAL_ACCENT_COLOR_NAME = AccentColor;
				CODE_SIGN_STYLE = Automatic;
				CURRENT_PROJECT_VERSION = 1;
				DEVELOPMENT_TEAM = T8C9SSEX5G;
				GENERATE_INFOPLIST_FILE = YES;
				INFOPLIST_FILE = "29th-iOS-SeminarPractice-week8/Info.plist";
				INFOPLIST_KEY_UIApplicationSupportsIndirectInputEvents = YES;
				INFOPLIST_KEY_UILaunchStoryboardName = LaunchScreen;
				INFOPLIST_KEY_UIMainStoryboardFile = Main;
				INFOPLIST_KEY_UISupportedInterfaceOrientations_iPad = "UIInterfaceOrientationPortrait UIInterfaceOrientationPortraitUpsideDown UIInterfaceOrientationLandscapeLeft UIInterfaceOrientationLandscapeRight";
				INFOPLIST_KEY_UISupportedInterfaceOrientations_iPhone = "UIInterfaceOrientationPortrait UIInterfaceOrientationLandscapeLeft UIInterfaceOrientationLandscapeRight";
				LD_RUNPATH_SEARCH_PATHS = (
					"$(inherited)",
					"@executable_path/Frameworks",
				);
				MARKETING_VERSION = 1.0;
				PRODUCT_BUNDLE_IDENTIFIER = "hyun99999.-9th-iOS-SeminarPractice-week8";
				PRODUCT_NAME = "$(TARGET_NAME)";
				SWIFT_EMIT_LOC_STRINGS = YES;
				SWIFT_VERSION = 5.0;
				TARGETED_DEVICE_FAMILY = "1,2";
			};
			name = Release;
		};
/* End XCBuildConfiguration section */

/* Begin XCConfigurationList section */
		F84B8269276DA5AB00E28B8E /* Build configuration list for PBXProject "29th-iOS-SeminarPractice-week8" */ = {
			isa = XCConfigurationList;
			buildConfigurations = (
				F84B8280276DA5AC00E28B8E /* Debug */,
				F84B8281276DA5AC00E28B8E /* Release */,
			);
			defaultConfigurationIsVisible = 0;
			defaultConfigurationName = Release;
		};
		F84B8282276DA5AC00E28B8E /* Build configuration list for PBXNativeTarget "29th-iOS-SeminarPractice-week8" */ = {
			isa = XCConfigurationList;
			buildConfigurations = (
				F84B8283276DA5AC00E28B8E /* Debug */,
				F84B8284276DA5AC00E28B8E /* Release */,
			);
			defaultConfigurationIsVisible = 0;
			defaultConfigurationName = Release;
		};
/* End XCConfigurationList section */
	};
	rootObject = F84B8266276DA5AB00E28B8E /* Project object */;
}
